
Microsoft Visual Studio Solution File, Format Version 12.00
# Visual Studio Version 16
VisualStudioVersion = 16.0.28803.156
MinimumVisualStudioVersion = 10.0.40219.1
Project("{FAE04EC0-301F-11D3-BF4B-00C04F79EFBC}") = "CoinFlip", "CoinFlip\CoinFlip.csproj", "{E8FE0613-2CDA-424F-970D-999F5C847776}"
EndProject
Global
	GlobalSection(SolutionConfigurationPlatforms) = preSolution
		Debug|Any CPU = Debug|Any CPU
		Release|Any CPU = Release|Any CPU
	EndGlobalSection
	GlobalSection(ProjectConfigurationPlatforms) = postSolution
		{E8FE0613-2CDA-424F-970D-999F5C847776}.Debug|Any CPU.ActiveCfg = Debug|Any CPU
		{E8FE0613-2CDA-424F-970D-999F5C847776}.Debug|Any CPU.Build.0 = Debug|Any CPU
		{E8FE0613-2CDA-424F-970D-999F5C847776}.Release|Any CPU.ActiveCfg = Release|Any CPU
		{E8FE0613-2CDA-424F-970D-999F5C847776}.Release|Any CPU.Build.0 = Release|Any CPU
	EndGlobalSection
	GlobalSection(SolutionProperties) = preSolution
		HideSolutionNode = FALSE
	EndGlobalSection
	GlobalSection(ExtensibilityGlobals) = postSolution
		SolutionGuid = {409A1F85-EF78-4029-8E73-CC4E56B5D53A}
	EndGlobalSection
EndGlobal
